{
    "_readme": [
        "This file locks the dependencies of your project to a known state",
        "Read more about it at https://getcomposer.org/doc/01-basic-usage.md#installing-dependencies",
        "This file is @generated automatically"
    ],
    "content-hash": "7d99c96f2e17965dbb4eca725a16c7c4",
    "packages": [
        {
            "name": "aplus/autoload",
            "version": "v1.7.3",
            "source": {
                "type": "git",
                "url": "https://github.com/aplus-framework/autoload.git",
                "reference": "4ee2d29b809b13957cbbee99a2bfbadfd6d4db8b"
            },
            "dist": {
                "type": "zip",
                "url": "https://api.github.com/repos/aplus-framework/autoload/zipball/4ee2d29b809b13957cbbee99a2bfbadfd6d4db8b",
                "reference": "4ee2d29b809b13957cbbee99a2bfbadfd6d4db8b",
                "shasum": ""
            },
            "require": {
                "php": ">=8.0"
            },
            "require-dev": {
                "aplus/coding-standard": "^1.9",
                "aplus/helpers": "^2.2",
                "ergebnis/composer-normalize": "^2.13",
                "ext-xdebug": "*",
                "jetbrains/phpstorm-attributes": "^1.0",
                "phpmd/phpmd": "^2.10",
                "phpstan/phpstan": "^0.12",
                "phpunit/phpunit": "^9.5"
            },
            "type": "library",
            "autoload": {
                "psr-4": {
                    "Framework\\Autoload\\": "src/"
                }
            },
            "notification-url": "https://packagist.org/downloads/",
            "license": [
                "MIT"
            ],
            "authors": [
                {
                    "name": "Natan Felles",
                    "email": "natanfelles@gmail.com",
                    "homepage": "https://natanfelles.github.io"
                }
            ],
            "description": "Aplus Framework Autoload Library",
            "homepage": "https://aplus-framework.com/packages/autoload",
            "keywords": [
                "autoload",
                "autoloader",
                "class-locator",
                "file-locator",
                "loader",
                "locator"
            ],
            "support": {
                "docs": "https://docs.aplus-framework.com/guides/libraries/autoload/",
                "email": "support@aplus-framework.com",
                "forum": "https://aplus-framework.com/forum",
                "issues": "https://gitlab.com/aplus-framework/libraries/autoload/issues",
                "source": "https://gitlab.com/aplus-framework/libraries/autoload"
            },
            "funding": [
                {
                    "url": "https://aplus-framework.com/sponsor",
                    "type": "Aplus Sponsor"
                }
            ],
            "time": "2021-12-25T21:09:18+00:00"
        },
        {
            "name": "box/spout",
            "version": "v3.3.0",
            "source": {
                "type": "git",
                "url": "https://github.com/box/spout.git",
                "reference": "9bdb027d312b732515b884a341c0ad70372c6295"
            },
            "dist": {
                "type": "zip",
                "url": "https://api.github.com/repos/box/spout/zipball/9bdb027d312b732515b884a341c0ad70372c6295",
                "reference": "9bdb027d312b732515b884a341c0ad70372c6295",
                "shasum": ""
            },
            "require": {
                "ext-dom": "*",
                "ext-xmlreader": "*",
                "ext-zip": "*",
                "php": ">=7.2.0"
            },
            "require-dev": {
                "friendsofphp/php-cs-fixer": "^2",
                "phpunit/phpunit": "^8"
            },
            "suggest": {
                "ext-iconv": "To handle non UTF-8 CSV files (if \"php-intl\" is not already installed or is too limited)",
                "ext-intl": "To handle non UTF-8 CSV files (if \"iconv\" is not already installed)"
            },
            "type": "library",
            "extra": {
                "branch-alias": {
                    "dev-master": "3.1.x-dev"
                }
            },
            "autoload": {
                "psr-4": {
                    "Box\\Spout\\": "src/Spout"
                }
            },
            "notification-url": "https://packagist.org/downloads/",
            "license": [
                "Apache-2.0"
            ],
            "authors": [
                {
                    "name": "Adrien Loison",
                    "email": "adrien@box.com"
                }
            ],
            "description": "PHP Library to read and write spreadsheet files (CSV, XLSX and ODS), in a fast and scalable way",
            "homepage": "https://www.github.com/box/spout",
            "keywords": [
                "OOXML",
                "csv",
                "excel",
                "memory",
                "odf",
                "ods",
                "office",
                "open",
                "php",
                "read",
                "scale",
                "spreadsheet",
                "stream",
                "write",
                "xlsx"
            ],
            "support": {
                "issues": "https://github.com/box/spout/issues",
                "source": "https://github.com/box/spout/tree/v3.3.0"
            },
            "abandoned": true,
            "time": "2021-05-14T21:18:09+00:00"
        },
        {
            "name": "phpoffice/phpproject",
            "version": "0.2.0",
            "source": {
                "type": "git",
                "url": "https://github.com/PHPOffice/PHPProject.git",
                "reference": "18920bb1f28c6d2181595cf3939d3d1dfa7cc1fe"
            },
            "dist": {
                "type": "zip",
                "url": "https://api.github.com/repos/PHPOffice/PHPProject/zipball/18920bb1f28c6d2181595cf3939d3d1dfa7cc1fe",
                "reference": "18920bb1f28c6d2181595cf3939d3d1dfa7cc1fe",
                "shasum": ""
            },
            "require": {
                "ext-xml": "*",
                "php": ">=5.3.0"
            },
            "require-dev": {
                "phpdocumentor/phpdocumentor": "2.*",
                "phploc/phploc": "2.*",
                "phpmd/phpmd": "2.*",
                "phpunit/phpunit": "3.7.*",
                "sebastian/phpcpd": "2.*",
                "squizlabs/php_codesniffer": "1.*"
            },
            "type": "library",
            "autoload": {
                "psr-0": {
                    "PHPProject": "src/"
                },
                "psr-4": {
                    "PhpOffice\\PhpProject\\": "src/PhpProject/"
                }
            },
            "notification-url": "https://packagist.org/downloads/",
            "license": [
                "LGPL"
            ],
            "authors": [
                {
                    "name": "Mark Baker"
                },
                {
                    "name": "Franck Lefevre",
                    "homepage": "http://rootslabs.net"
                }
            ],
            "description": "PHPProject - Read, Create and Write Project Management documents in PHP",
            "homepage": "http://phpoffice.github.io",
            "keywords": [
                "GanttProject",
                "gan",
                "mpx",
                "php",
                "project"
            ],
            "support": {
                "issues": "https://github.com/PHPOffice/PHPProject/issues",
                "source": "https://github.com/PHPOffice/PHPProject/tree/master"
            },
            "time": "2014-08-13T15:17:11+00:00"
        }
    ],
    "packages-dev": [],
    "aliases": [],
    "minimum-stability": "stable",
    "stability-flags": [],
    "prefer-stable": false,
    "prefer-lowest": false,
    "platform": {
        "ext-pdo": "*"
    },
    "platform-dev": [],
    "plugin-api-version": "2.2.0"
}
